
Microsoft Visual Studio Solution File, Format Version 12.00
# Visual Studio Version 16
VisualStudioVersion = 16.0.33130.400
MinimumVisualStudioVersion = 10.0.40219.1
Project("{FAE04EC0-301F-11D3-BF4B-00C04F79EFBC}") = "MachineRegistry", "MachineRegistry\MachineRegistry.csproj", "{EB6704E7-704E-4869-BEE0-2E5782A94B7F}"
EndProject
Project("{FAE04EC0-301F-11D3-BF4B-00C04F79EFBC}") = "TestProject1", "TestProject1\TestProject1.csproj", "{58031C23-8AC1-4745-A38A-1A956358C974}"
EndProject
Global
	GlobalSection(SolutionConfigurationPlatforms) = preSolution
		Debug|Any CPU = Debug|Any CPU
		Release|Any CPU = Release|Any CPU
	EndGlobalSection
	GlobalSection(ProjectConfigurationPlatforms) = postSolution
		{EB6704E7-704E-4869-BEE0-2E5782A94B7F}.Debug|Any CPU.ActiveCfg = Debug|Any CPU
		{EB6704E7-704E-4869-BEE0-2E5782A94B7F}.Debug|Any CPU.Build.0 = Debug|Any CPU
		{EB6704E7-704E-4869-BEE0-2E5782A94B7F}.Release|Any CPU.ActiveCfg = Release|Any CPU
		{EB6704E7-704E-4869-BEE0-2E5782A94B7F}.Release|Any CPU.Build.0 = Release|Any CPU
		{58031C23-8AC1-4745-A38A-1A956358C974}.Debug|Any CPU.ActiveCfg = Debug|Any CPU
		{58031C23-8AC1-4745-A38A-1A956358C974}.Debug|Any CPU.Build.0 = Debug|Any CPU
		{58031C23-8AC1-4745-A38A-1A956358C974}.Release|Any CPU.ActiveCfg = Release|Any CPU
		{58031C23-8AC1-4745-A38A-1A956358C974}.Release|Any CPU.Build.0 = Release|Any CPU
	EndGlobalSection
	GlobalSection(SolutionProperties) = preSolution
		HideSolutionNode = FALSE
	EndGlobalSection
	GlobalSection(ExtensibilityGlobals) = postSolution
		SolutionGuid = {DEB144F4-8254-44EA-8C79-F339DB6B1342}
	EndGlobalSection
EndGlobal
